// !$*UTF8*$!
{
	archiveVersion = 1;
	classes = {
	};
	objectVersion = 56;
	objects = {

/* Begin PBXBuildFile section */
		D320685E2AAF5D650043FBF0 /* AppDelegate.swift in Sources */ = {isa = PBXBuildFile; fileRef = D320685D2AAF5D650043FBF0 /* AppDelegate.swift */; };
		D32068602AAF5D650043FBF0 /* SceneDelegate.swift in Sources */ = {isa = PBXBuildFile; fileRef = D320685F2AAF5D650043FBF0 /* SceneDelegate.swift */; };
		D32068622AAF5D650043FBF0 /* MainViewController.swift in Sources */ = {isa = PBXBuildFile; fileRef = D32068612AAF5D650043FBF0 /* MainViewController.swift */; };
		D32068672AAF5D660043FBF0 /* Assets.xcassets in Resources */ = {isa = PBXBuildFile; fileRef = D32068662AAF5D660043FBF0 /* Assets.xcassets */; };
		D320686A2AAF5D660043FBF0 /* LaunchScreen.storyboard in Resources */ = {isa = PBXBuildFile; fileRef = D32068682AAF5D660043FBF0 /* LaunchScreen.storyboard */; };
		D32068792AAF631B0043FBF0 /* .gitignore in Resources */ = {isa = PBXBuildFile; fileRef = D32068782AAF631B0043FBF0 /* .gitignore */; };
/* End PBXBuildFile section */

/* Begin PBXFileReference section */
		D320685A2AAF5D650043FBF0 /* EffectiveMobileTest.app */ = {isa = PBXFileReference; explicitFileType = wrapper.application; includeInIndex = 0; path = EffectiveMobileTest.app; sourceTree = BUILT_PRODUCTS_DIR; };
		D320685D2AAF5D650043FBF0 /* AppDelegate.swift */ = {isa = PBXFileReference; lastKnownFileType = sourcecode.swift; path = AppDelegate.swift; sourceTree = "<group>"; };
		D320685F2AAF5D650043FBF0 /* SceneDelegate.swift */ = {isa = PBXFileReference; lastKnownFileType = sourcecode.swift; path = SceneDelegate.swift; sourceTree = "<group>"; };
		D32068612AAF5D650043FBF0 /* MainViewController.swift */ = {isa = PBXFileReference; lastKnownFileType = sourcecode.swift; path = MainViewController.swift; sourceTree = "<group>"; };
		D32068662AAF5D660043FBF0 /* Assets.xcassets */ = {isa = PBXFileReference; lastKnownFileType = folder.assetcatalog; path = Assets.xcassets; sourceTree = "<group>"; };
		D32068692AAF5D660043FBF0 /* Base */ = {isa = PBXFileReference; lastKnownFileType = file.storyboard; name = Base; path = Base.lproj/LaunchScreen.storyboard; sourceTree = "<group>"; };
		D320686B2AAF5D660043FBF0 /* Info.plist */ = {isa = PBXFileReference; lastKnownFileType = text.plist.xml; path = Info.plist; sourceTree = "<group>"; };
		D32068782AAF631B0043FBF0 /* .gitignore */ = {isa = PBXFileReference; lastKnownFileType = text; path = .gitignore; sourceTree = "<group>"; };
/* End PBXFileReference section */

/* Begin PBXFrameworksBuildPhase section */
		D32068572AAF5D650043FBF0 /* Frameworks */ = {
			isa = PBXFrameworksBuildPhase;
			buildActionMask = 2147483647;
			files = (
			);
			runOnlyForDeploymentPostprocessing = 0;
		};
/* End PBXFrameworksBuildPhase section */

/* Begin PBXGroup section */
		D32068512AAF5D650043FBF0 = {
			isa = PBXGroup;
			children = (
				D32068782AAF631B0043FBF0 /* .gitignore */,
				D320685C2AAF5D650043FBF0 /* EffectiveMobileTest */,
				D320685B2AAF5D650043FBF0 /* Products */,
			);
			sourceTree = "<group>";
		};
		D320685B2AAF5D650043FBF0 /* Products */ = {
			isa = PBXGroup;
			children = (
				D320685A2AAF5D650043FBF0 /* EffectiveMobileTest.app */,
			);
			name = Products;
			sourceTree = "<group>";
		};
		D320685C2AAF5D650043FBF0 /* EffectiveMobileTest */ = {
			isa = PBXGroup;
			children = (
				D32068722AAF5E1E0043FBF0 /* Application */,
				D32068742AAF5EE60043FBF0 /* MainModule */,
				D32068712AAF5DA40043FBF0 /* Recources */,
			);
			path = EffectiveMobileTest;
			sourceTree = "<group>";
		};
		D32068712AAF5DA40043FBF0 /* Recources */ = {
			isa = PBXGroup;
			children = (
				D32068662AAF5D660043FBF0 /* Assets.xcassets */,
				D32068682AAF5D660043FBF0 /* LaunchScreen.storyboard */,
				D320686B2AAF5D660043FBF0 /* Info.plist */,
			);
			path = Recources;
			sourceTree = "<group>";
		};
		D32068722AAF5E1E0043FBF0 /* Application */ = {
			isa = PBXGroup;
			children = (
				D320685D2AAF5D650043FBF0 /* AppDelegate.swift */,
				D320685F2AAF5D650043FBF0 /* SceneDelegate.swift */,
			);
			path = Application;
			sourceTree = "<group>";
		};
		D32068742AAF5EE60043FBF0 /* MainModule */ = {
			isa = PBXGroup;
			children = (
				D32068752AAF5EF90043FBF0 /* View */,
			);
			path = MainModule;
			sourceTree = "<group>";
		};
		D32068752AAF5EF90043FBF0 /* View */ = {
			isa = PBXGroup;
			children = (
				D32068612AAF5D650043FBF0 /* MainViewController.swift */,
			);
			path = View;
			sourceTree = "<group>";
		};
/* End PBXGroup section */

/* Begin PBXNativeTarget section */
		D32068592AAF5D650043FBF0 /* EffectiveMobileTest */ = {
			isa = PBXNativeTarget;
			buildConfigurationList = D320686E2AAF5D660043FBF0 /* Build configuration list for PBXNativeTarget "EffectiveMobileTest" */;
			buildPhases = (
				D32068562AAF5D650043FBF0 /* Sources */,
				D32068572AAF5D650043FBF0 /* Frameworks */,
				D32068582AAF5D650043FBF0 /* Resources */,
			);
			buildRules = (
			);
			dependencies = (
			);
			name = EffectiveMobileTest;
			productName = EffectiveMobileTest;
			productReference = D320685A2AAF5D650043FBF0 /* EffectiveMobileTest.app */;
			productType = "com.apple.product-type.application";
		};
/* End PBXNativeTarget section */

/* Begin PBXProject section */
		D32068522AAF5D650043FBF0 /* Project object */ = {
			isa = PBXProject;
			attributes = {
				BuildIndependentTargetsInParallel = 1;
				LastSwiftUpdateCheck = 1430;
				LastUpgradeCheck = 1430;
				TargetAttributes = {
					D32068592AAF5D650043FBF0 = {
						CreatedOnToolsVersion = 14.3;
					};
				};
			};
			buildConfigurationList = D32068552AAF5D650043FBF0 /* Build configuration list for PBXProject "EffectiveMobileTest" */;
			compatibilityVersion = "Xcode 14.0";
			developmentRegion = en;
			hasScannedForEncodings = 0;
			knownRegions = (
				en,
				Base,
			);
			mainGroup = D32068512AAF5D650043FBF0;
			productRefGroup = D320685B2AAF5D650043FBF0 /* Products */;
			projectDirPath = "";
			projectRoot = "";
			targets = (
				D32068592AAF5D650043FBF0 /* EffectiveMobileTest */,
			);
		};
/* End PBXProject section */

/* Begin PBXResourcesBuildPhase section */
		D32068582AAF5D650043FBF0 /* Resources */ = {
			isa = PBXResourcesBuildPhase;
			buildActionMask = 2147483647;
			files = (
				D320686A2AAF5D660043FBF0 /* LaunchScreen.storyboard in Resources */,
				D32068792AAF631B0043FBF0 /* .gitignore in Resources */,
				D32068672AAF5D660043FBF0 /* Assets.xcassets in Resources */,
			);
			runOnlyForDeploymentPostprocessing = 0;
		};
/* End PBXResourcesBuildPhase section */

/* Begin PBXSourcesBuildPhase section */
		D32068562AAF5D650043FBF0 /* Sources */ = {
			isa = PBXSourcesBuildPhase;
			buildActionMask = 2147483647;
			files = (
				D32068622AAF5D650043FBF0 /* MainViewController.swift in Sources */,
				D320685E2AAF5D650043FBF0 /* AppDelegate.swift in Sources */,
				D32068602AAF5D650043FBF0 /* SceneDelegate.swift in Sources */,
			);
			runOnlyForDeploymentPostprocessing = 0;
		};
/* End PBXSourcesBuildPhase section */

/* Begin PBXVariantGroup section */
		D32068682AAF5D660043FBF0 /* LaunchScreen.storyboard */ = {
			isa = PBXVariantGroup;
			children = (
				D32068692AAF5D660043FBF0 /* Base */,
			);
			name = LaunchScreen.storyboard;
			sourceTree = "<group>";
		};
/* End PBXVariantGroup section */

/* Begin XCBuildConfiguration section */
		D320686C2AAF5D660043FBF0 /* Debug */ = {
			isa = XCBuildConfiguration;
			buildSettings = {
				ALWAYS_SEARCH_USER_PATHS = NO;
				CLANG_ANALYZER_NONNULL = YES;
				CLANG_ANALYZER_NUMBER_OBJECT_CONVERSION = YES_AGGRESSIVE;
				CLANG_CXX_LANGUAGE_STANDARD = "gnu++20";
				CLANG_ENABLE_MODULES = YES;
				CLANG_ENABLE_OBJC_ARC = YES;
				CLANG_ENABLE_OBJC_WEAK = YES;
				CLANG_WARN_BLOCK_CAPTURE_AUTORELEASING = YES;
				CLANG_WARN_BOOL_CONVERSION = YES;
				CLANG_WARN_COMMA = YES;
				CLANG_WARN_CONSTANT_CONVERSION = YES;
				CLANG_WARN_DEPRECATED_OBJC_IMPLEMENTATIONS = YES;
				CLANG_WARN_DIRECT_OBJC_ISA_USAGE = YES_ERROR;
				CLANG_WARN_DOCUMENTATION_COMMENTS = YES;
				CLANG_WARN_EMPTY_BODY = YES;
				CLANG_WARN_ENUM_CONVERSION = YES;
				CLANG_WARN_INFINITE_RECURSION = YES;
				CLANG_WARN_INT_CONVERSION = YES;
				CLANG_WARN_NON_LITERAL_NULL_CONVERSION = YES;
				CLANG_WARN_OBJC_IMPLICIT_RETAIN_SELF = YES;
				CLANG_WARN_OBJC_LITERAL_CONVERSION = YES;
				CLANG_WARN_OBJC_ROOT_CLASS = YES_ERROR;
				CLANG_WARN_QUOTED_INCLUDE_IN_FRAMEWORK_HEADER = YES;
				CLANG_WARN_RANGE_LOOP_ANALYSIS = YES;
				CLANG_WARN_STRICT_PROTOTYPES = YES;
				CLANG_WARN_SUSPICIOUS_MOVE = YES;
				CLANG_WARN_UNGUARDED_AVAILABILITY = YES_AGGRESSIVE;
				CLANG_WARN_UNREACHABLE_CODE = YES;
				CLANG_WARN__DUPLICATE_METHOD_MATCH = YES;
				COPY_PHASE_STRIP = NO;
				DEBUG_INFORMATION_FORMAT = dwarf;
				ENABLE_STRICT_OBJC_MSGSEND = YES;
				ENABLE_TESTABILITY = YES;
				GCC_C_LANGUAGE_STANDARD = gnu11;
				GCC_DYNAMIC_NO_PIC = NO;
				GCC_NO_COMMON_BLOCKS = YES;
				GCC_OPTIMIZATION_LEVEL = 0;
				GCC_PREPROCESSOR_DEFINITIONS = (
					"DEBUG=1",
					"$(inherited)",
				);
				GCC_WARN_64_TO_32_BIT_CONVERSION = YES;
				GCC_WARN_ABOUT_RETURN_TYPE = YES_ERROR;
				GCC_WARN_UNDECLARED_SELECTOR = YES;
				GCC_WARN_UNINITIALIZED_AUTOS = YES_AGGRESSIVE;
				GCC_WARN_UNUSED_FUNCTION = YES;
				GCC_WARN_UNUSED_VARIABLE = YES;
				IPHONEOS_DEPLOYMENT_TARGET = 16.4;
				MTL_ENABLE_DEBUG_INFO = INCLUDE_SOURCE;
				MTL_FAST_MATH = YES;
				ONLY_ACTIVE_ARCH = YES;
				SDKROOT = iphoneos;
				SWIFT_ACTIVE_COMPILATION_CONDITIONS = DEBUG;
				SWIFT_OPTIMIZATION_LEVEL = "-Onone";
			};
			name = Debug;
		};
		D320686D2AAF5D660043FBF0 /* Release */ = {
			isa = XCBuildConfiguration;
			buildSettings = {
				ALWAYS_SEARCH_USER_PATHS = NO;
				CLANG_ANALYZER_NONNULL = YES;
				CLANG_ANALYZER_NUMBER_OBJECT_CONVERSION = YES_AGGRESSIVE;
				CLANG_CXX_LANGUAGE_STANDARD = "gnu++20";
				CLANG_ENABLE_MODULES = YES;
				CLANG_ENABLE_OBJC_ARC = YES;
				CLANG_ENABLE_OBJC_WEAK = YES;
				CLANG_WARN_BLOCK_CAPTURE_AUTORELEASING = YES;
				CLANG_WARN_BOOL_CONVERSION = YES;
				CLANG_WARN_COMMA = YES;
				CLANG_WARN_CONSTANT_CONVERSION = YES;
				CLANG_WARN_DEPRECATED_OBJC_IMPLEMENTATIONS = YES;
				CLANG_WARN_DIRECT_OBJC_ISA_USAGE = YES_ERROR;
				CLANG_WARN_DOCUMENTATION_COMMENTS = YES;
				CLANG_WARN_EMPTY_BODY = YES;
				CLANG_WARN_ENUM_CONVERSION = YES;
				CLANG_WARN_INFINITE_RECURSION = YES;
				CLANG_WARN_INT_CONVERSION = YES;
				CLANG_WARN_NON_LITERAL_NULL_CONVERSION = YES;
				CLANG_WARN_OBJC_IMPLICIT_RETAIN_SELF = YES;
				CLANG_WARN_OBJC_LITERAL_CONVERSION = YES;
				CLANG_WARN_OBJC_ROOT_CLASS = YES_ERROR;
				CLANG_WARN_QUOTED_INCLUDE_IN_FRAMEWORK_HEADER = YES;
				CLANG_WARN_RANGE_LOOP_ANALYSIS = YES;
				CLANG_WARN_STRICT_PROTOTYPES = YES;
				CLANG_WARN_SUSPICIOUS_MOVE = YES;
				CLANG_WARN_UNGUARDED_AVAILABILITY = YES_AGGRESSIVE;
				CLANG_WARN_UNREACHABLE_CODE = YES;
				CLANG_WARN__DUPLICATE_METHOD_MATCH = YES;
				COPY_PHASE_STRIP = NO;
				DEBUG_INFORMATION_FORMAT = "dwarf-with-dsym";
				ENABLE_NS_ASSERTIONS = NO;
				ENABLE_STRICT_OBJC_MSGSEND = YES;
				GCC_C_LANGUAGE_STANDARD = gnu11;
				GCC_NO_COMMON_BLOCKS = YES;
				GCC_WARN_64_TO_32_BIT_CONVERSION = YES;
				GCC_WARN_ABOUT_RETURN_TYPE = YES_ERROR;
				GCC_WARN_UNDECLARED_SELECTOR = YES;
				GCC_WARN_UNINITIALIZED_AUTOS = YES_AGGRESSIVE;
				GCC_WARN_UNUSED_FUNCTION = YES;
				GCC_WARN_UNUSED_VARIABLE = YES;
				IPHONEOS_DEPLOYMENT_TARGET = 16.4;
				MTL_ENABLE_DEBUG_INFO = NO;
				MTL_FAST_MATH = YES;
				SDKROOT = iphoneos;
				SWIFT_COMPILATION_MODE = wholemodule;
				SWIFT_OPTIMIZATION_LEVEL = "-O";
				VALIDATE_PRODUCT = YES;
			};
			name = Release;
		};
		D320686F2AAF5D660043FBF0 /* Debug */ = {
			isa = XCBuildConfiguration;
			buildSettings = {
				ASSETCATALOG_COMPILER_APPICON_NAME = AppIcon;
				ASSETCATALOG_COMPILER_GLOBAL_ACCENT_COLOR_NAME = AccentColor;
				CODE_SIGN_STYLE = Automatic;
				CURRENT_PROJECT_VERSION = 1;
				DEVELOPMENT_TEAM = WLSA737HY3;
				GENERATE_INFOPLIST_FILE = YES;
				INFOPLIST_FILE = EffectiveMobileTest/Recources/Info.plist;
				INFOPLIST_KEY_UIApplicationSupportsIndirectInputEvents = YES;
				INFOPLIST_KEY_UILaunchStoryboardName = LaunchScreen;
				INFOPLIST_KEY_UISupportedInterfaceOrientations = UIInterfaceOrientationPortrait;
				INFOPLIST_KEY_UISupportedInterfaceOrientations_iPad = "UIInterfaceOrientationLandscapeLeft UIInterfaceOrientationLandscapeRight UIInterfaceOrientationPortrait UIInterfaceOrientationPortraitUpsideDown";
				IPHONEOS_DEPLOYMENT_TARGET = 15.0;
				LD_RUNPATH_SEARCH_PATHS = (
					"$(inherited)",
					"@executable_path/Frameworks",
				);
				MARKETING_VERSION = 1.0;
				PRODUCT_BUNDLE_IDENTIFIER = vk.EffectiveMobileTest;
				PRODUCT_NAME = "$(TARGET_NAME)";
				SUPPORTED_PLATFORMS = "iphoneos iphonesimulator";
				SUPPORTS_MACCATALYST = NO;
				SUPPORTS_MAC_DESIGNED_FOR_IPHONE_IPAD = NO;
				SWIFT_EMIT_LOC_STRINGS = YES;
				SWIFT_VERSION = 5.0;
				TARGETED_DEVICE_FAMILY = 1;
			};
			name = Debug;
		};
		D32068702AAF5D660043FBF0 /* Release */ = {
			isa = XCBuildConfiguration;
			buildSettings = {
				ASSETCATALOG_COMPILER_APPICON_NAME = AppIcon;
				ASSETCATALOG_COMPILER_GLOBAL_ACCENT_COLOR_NAME = AccentColor;
				CODE_SIGN_STYLE = Automatic;
				CURRENT_PROJECT_VERSION = 1;
				DEVELOPMENT_TEAM = WLSA737HY3;
				GENERATE_INFOPLIST_FILE = YES;
				INFOPLIST_FILE = EffectiveMobileTest/Recources/Info.plist;
				INFOPLIST_KEY_UIApplicationSupportsIndirectInputEvents = YES;
				INFOPLIST_KEY_UILaunchStoryboardName = LaunchScreen;
				INFOPLIST_KEY_UISupportedInterfaceOrientations = UIInterfaceOrientationPortrait;
				INFOPLIST_KEY_UISupportedInterfaceOrientations_iPad = "UIInterfaceOrientationLandscapeLeft UIInterfaceOrientationLandscapeRight UIInterfaceOrientationPortrait UIInterfaceOrientationPortraitUpsideDown";
				IPHONEOS_DEPLOYMENT_TARGET = 15.0;
				LD_RUNPATH_SEARCH_PATHS = (
					"$(inherited)",
					"@executable_path/Frameworks",
				);
				MARKETING_VERSION = 1.0;
				PRODUCT_BUNDLE_IDENTIFIER = vk.EffectiveMobileTest;
				PRODUCT_NAME = "$(TARGET_NAME)";
				SUPPORTED_PLATFORMS = "iphoneos iphonesimulator";
				SUPPORTS_MACCATALYST = NO;
				SUPPORTS_MAC_DESIGNED_FOR_IPHONE_IPAD = NO;
				SWIFT_EMIT_LOC_STRINGS = YES;
				SWIFT_VERSION = 5.0;
				TARGETED_DEVICE_FAMILY = 1;
			};
			name = Release;
		};
/* End XCBuildConfiguration section */

/* Begin XCConfigurationList section */
		D32068552AAF5D650043FBF0 /* Build configuration list for PBXProject "EffectiveMobileTest" */ = {
			isa = XCConfigurationList;
			buildConfigurations = (
				D320686C2AAF5D660043FBF0 /* Debug */,
				D320686D2AAF5D660043FBF0 /* Release */,
			);
			defaultConfigurationIsVisible = 0;
			defaultConfigurationName = Release;
		};
		D320686E2AAF5D660043FBF0 /* Build configuration list for PBXNativeTarget "EffectiveMobileTest" */ = {
			isa = XCConfigurationList;
			buildConfigurations = (
				D320686F2AAF5D660043FBF0 /* Debug */,
				D32068702AAF5D660043FBF0 /* Release */,
			);
			defaultConfigurationIsVisible = 0;
			defaultConfigurationName = Release;
		};
/* End XCConfigurationList section */
	};
	rootObject = D32068522AAF5D650043FBF0 /* Project object */;
}
